
Microsoft Visual Studio Solution File, Format Version 12.00
# Visual Studio Version 17
VisualStudioVersion = 17.1.32210.238
MinimumVisualStudioVersion = 10.0.40219.1
Project("{FAE04EC0-301F-11D3-BF4B-00C04F79EFBC}") = "GestaoMusical_Web", "GestaoMusical_Web\GestaoMusical_Web.csproj", "{BB272EBA-05F1-49EA-AA99-771482314A8B}"
EndProject
Global
	GlobalSection(SolutionConfigurationPlatforms) = preSolution
		Debug|Any CPU = Debug|Any CPU
		Release|Any CPU = Release|Any CPU
	EndGlobalSection
	GlobalSection(ProjectConfigurationPlatforms) = postSolution
		{BB272EBA-05F1-49EA-AA99-771482314A8B}.Debug|Any CPU.ActiveCfg = Debug|Any CPU
		{BB272EBA-05F1-49EA-AA99-771482314A8B}.Debug|Any CPU.Build.0 = Debug|Any CPU
		{BB272EBA-05F1-49EA-AA99-771482314A8B}.Release|Any CPU.ActiveCfg = Release|Any CPU
		{BB272EBA-05F1-49EA-AA99-771482314A8B}.Release|Any CPU.Build.0 = Release|Any CPU
	EndGlobalSection
	GlobalSection(SolutionProperties) = preSolution
		HideSolutionNode = FALSE
	EndGlobalSection
	GlobalSection(ExtensibilityGlobals) = postSolution
		SolutionGuid = {8D5C6243-1EC1-463A-B68E-C560EEC207BB}
	EndGlobalSection
EndGlobal
